%{
  "ex_json_schema": {:hex, :ex_json_schema, "0.5.7", "14a1bcd716e432badb19e5f54fd0f3f0be47b34d1b5957944702be90d66a6cf6", [:mix], [], "hexpm"},
  "jason": {:hex, :jason, "1.1.2", "b03dedea67a99223a2eaf9f1264ce37154564de899fd3d8b9a21b1a6fd64afe7", [:mix], [{:decimal, "~> 1.0", [hex: :decimal, repo: "hexpm", optional: true]}], "hexpm"},
}
